
Microsoft Visual Studio Solution File, Format Version 12.00
Project("{FAE04EC0-301F-11D3-BF4B-00C04F79EFBC}") = "ActivityPlannerBot", "ActivityPlannerBot/ActivityPlannerBot.csproj", "{AAC61D0C-9410-4F53-B784-3A9DA4B8C164}"
EndProject
Project("{FAE04EC0-301F-11D3-BF4B-00C04F79EFBC}") = "ActivityPlannerBot.Tests", "ActivityPlannerBot.Tests\ActivityPlannerBot.Tests.csproj", "{4EFA244D-E204-40E4-87B6-C08C3DD99661}"
EndProject
Global
	GlobalSection(SolutionConfigurationPlatforms) = preSolution
		Debug|Any CPU = Debug|Any CPU
		Debug|x64 = Debug|x64
		Debug|x86 = Debug|x86
		Release|Any CPU = Release|Any CPU
		Release|x64 = Release|x64
		Release|x86 = Release|x86
	EndGlobalSection
	GlobalSection(ProjectConfigurationPlatforms) = postSolution
		{AAC61D0C-9410-4F53-B784-3A9DA4B8C164}.Debug|Any CPU.ActiveCfg = Debug|Any CPU
		{AAC61D0C-9410-4F53-B784-3A9DA4B8C164}.Debug|Any CPU.Build.0 = Debug|Any CPU
		{AAC61D0C-9410-4F53-B784-3A9DA4B8C164}.Debug|x64.ActiveCfg = Debug|Any CPU
		{AAC61D0C-9410-4F53-B784-3A9DA4B8C164}.Debug|x64.Build.0 = Debug|Any CPU
		{AAC61D0C-9410-4F53-B784-3A9DA4B8C164}.Debug|x86.ActiveCfg = Debug|Any CPU
		{AAC61D0C-9410-4F53-B784-3A9DA4B8C164}.Debug|x86.Build.0 = Debug|Any CPU
		{AAC61D0C-9410-4F53-B784-3A9DA4B8C164}.Release|Any CPU.ActiveCfg = Release|Any CPU
		{AAC61D0C-9410-4F53-B784-3A9DA4B8C164}.Release|Any CPU.Build.0 = Release|Any CPU
		{AAC61D0C-9410-4F53-B784-3A9DA4B8C164}.Release|x64.ActiveCfg = Release|Any CPU
		{AAC61D0C-9410-4F53-B784-3A9DA4B8C164}.Release|x64.Build.0 = Release|Any CPU
		{AAC61D0C-9410-4F53-B784-3A9DA4B8C164}.Release|x86.ActiveCfg = Release|Any CPU
		{AAC61D0C-9410-4F53-B784-3A9DA4B8C164}.Release|x86.Build.0 = Release|Any CPU
		{4EFA244D-E204-40E4-87B6-C08C3DD99661}.Debug|Any CPU.ActiveCfg = Debug|Any CPU
		{4EFA244D-E204-40E4-87B6-C08C3DD99661}.Debug|Any CPU.Build.0 = Debug|Any CPU
		{4EFA244D-E204-40E4-87B6-C08C3DD99661}.Debug|x64.ActiveCfg = Debug|Any CPU
		{4EFA244D-E204-40E4-87B6-C08C3DD99661}.Debug|x64.Build.0 = Debug|Any CPU
		{4EFA244D-E204-40E4-87B6-C08C3DD99661}.Debug|x86.ActiveCfg = Debug|Any CPU
		{4EFA244D-E204-40E4-87B6-C08C3DD99661}.Debug|x86.Build.0 = Debug|Any CPU
		{4EFA244D-E204-40E4-87B6-C08C3DD99661}.Release|Any CPU.ActiveCfg = Release|Any CPU
		{4EFA244D-E204-40E4-87B6-C08C3DD99661}.Release|Any CPU.Build.0 = Release|Any CPU
		{4EFA244D-E204-40E4-87B6-C08C3DD99661}.Release|x64.ActiveCfg = Release|Any CPU
		{4EFA244D-E204-40E4-87B6-C08C3DD99661}.Release|x64.Build.0 = Release|Any CPU
		{4EFA244D-E204-40E4-87B6-C08C3DD99661}.Release|x86.ActiveCfg = Release|Any CPU
		{4EFA244D-E204-40E4-87B6-C08C3DD99661}.Release|x86.Build.0 = Release|Any CPU
	EndGlobalSection
	GlobalSection(SolutionProperties) = preSolution
		HideSolutionNode = FALSE
	EndGlobalSection
EndGlobal
